
Microsoft Visual Studio Solution File, Format Version 12.00
# Visual Studio Version 17
VisualStudioVersion = 17.3.32811.315
MinimumVisualStudioVersion = 10.0.40219.1
Project("{2150E333-8FDC-42A3-9474-1A3956D46DE8}") = "FrontEnd", "FrontEnd", "{685D864F-797E-4235-9EBE-7B6F5114B09B}"
EndProject
Project("{2150E333-8FDC-42A3-9474-1A3956D46DE8}") = "Gateway", "Gateway", "{63901A59-221E-4E06-B203-15791C49097F}"
EndProject
Project("{2150E333-8FDC-42A3-9474-1A3956D46DE8}") = "Integration", "Integration", "{A9F50A6D-F7E2-436A-ABB2-44995991DBD7}"
EndProject
Project("{2150E333-8FDC-42A3-9474-1A3956D46DE8}") = "BackEnd", "BackEnd", "{278F3681-7F21-453D-8AC0-FF0D37184E6B}"
EndProject
Project("{9A19103F-16F7-4668-BE54-9A1E7A4F7556}") = "RhommieBank.Services.PersonAPI", "RhommieBank.Services.PersonAPI\RhommieBank.Services.PersonAPI.csproj", "{759EAA19-FA2C-446E-887A-BA5131E8B9FF}"
EndProject
Project("{9A19103F-16F7-4668-BE54-9A1E7A4F7556}") = "RhommieBank.Web", "RhommieBank.Web\RhommieBank.Web.csproj", "{B3B8D952-3E0B-498C-80BA-03EDA1950935}"
EndProject
Global
	GlobalSection(SolutionConfigurationPlatforms) = preSolution
		Debug|Any CPU = Debug|Any CPU
		Release|Any CPU = Release|Any CPU
	EndGlobalSection
	GlobalSection(ProjectConfigurationPlatforms) = postSolution
		{759EAA19-FA2C-446E-887A-BA5131E8B9FF}.Debug|Any CPU.ActiveCfg = Debug|Any CPU
		{759EAA19-FA2C-446E-887A-BA5131E8B9FF}.Debug|Any CPU.Build.0 = Debug|Any CPU
		{759EAA19-FA2C-446E-887A-BA5131E8B9FF}.Release|Any CPU.ActiveCfg = Release|Any CPU
		{759EAA19-FA2C-446E-887A-BA5131E8B9FF}.Release|Any CPU.Build.0 = Release|Any CPU
		{B3B8D952-3E0B-498C-80BA-03EDA1950935}.Debug|Any CPU.ActiveCfg = Debug|Any CPU
		{B3B8D952-3E0B-498C-80BA-03EDA1950935}.Debug|Any CPU.Build.0 = Debug|Any CPU
		{B3B8D952-3E0B-498C-80BA-03EDA1950935}.Release|Any CPU.ActiveCfg = Release|Any CPU
		{B3B8D952-3E0B-498C-80BA-03EDA1950935}.Release|Any CPU.Build.0 = Release|Any CPU
	EndGlobalSection
	GlobalSection(SolutionProperties) = preSolution
		HideSolutionNode = FALSE
	EndGlobalSection
	GlobalSection(NestedProjects) = preSolution
		{759EAA19-FA2C-446E-887A-BA5131E8B9FF} = {278F3681-7F21-453D-8AC0-FF0D37184E6B}
		{B3B8D952-3E0B-498C-80BA-03EDA1950935} = {685D864F-797E-4235-9EBE-7B6F5114B09B}
	EndGlobalSection
	GlobalSection(ExtensibilityGlobals) = postSolution
		SolutionGuid = {626146A1-60A4-4205-9564-8D369DCCAE3D}
	EndGlobalSection
EndGlobal
